
Microsoft Visual Studio Solution File, Format Version 12.00
# Visual Studio Version 17
VisualStudioVersion = 17.11.35431.28
MinimumVisualStudioVersion = 10.0.40219.1
Project("{FAE04EC0-301F-11D3-BF4B-00C04F79EFBC}") = "UI", "UI\UI\UI.csproj", "{45ADA39C-BA52-4223-A9C0-084B5039D8EA}"
EndProject
Project("{FAE04EC0-301F-11D3-BF4B-00C04F79EFBC}") = "Service", "Service\Service\Service.csproj", "{7E702FD3-C316-4498-9549-92A5500BD3F5}"
EndProject
Global
	GlobalSection(SolutionConfigurationPlatforms) = preSolution
		Debug|Any CPU = Debug|Any CPU
		Release|Any CPU = Release|Any CPU
	EndGlobalSection
	GlobalSection(ProjectConfigurationPlatforms) = postSolution
		{45ADA39C-BA52-4223-A9C0-084B5039D8EA}.Debug|Any CPU.ActiveCfg = Debug|Any CPU
		{45ADA39C-BA52-4223-A9C0-084B5039D8EA}.Debug|Any CPU.Build.0 = Debug|Any CPU
		{45ADA39C-BA52-4223-A9C0-084B5039D8EA}.Release|Any CPU.ActiveCfg = Release|Any CPU
		{45ADA39C-BA52-4223-A9C0-084B5039D8EA}.Release|Any CPU.Build.0 = Release|Any CPU
		{7E702FD3-C316-4498-9549-92A5500BD3F5}.Debug|Any CPU.ActiveCfg = Debug|Any CPU
		{7E702FD3-C316-4498-9549-92A5500BD3F5}.Debug|Any CPU.Build.0 = Debug|Any CPU
		{7E702FD3-C316-4498-9549-92A5500BD3F5}.Release|Any CPU.ActiveCfg = Release|Any CPU
		{7E702FD3-C316-4498-9549-92A5500BD3F5}.Release|Any CPU.Build.0 = Release|Any CPU
	EndGlobalSection
	GlobalSection(SolutionProperties) = preSolution
		HideSolutionNode = FALSE
	EndGlobalSection
	GlobalSection(ExtensibilityGlobals) = postSolution
		SolutionGuid = {ED52BD90-BD76-4043-A56A-80602652B023}
	EndGlobalSection
EndGlobal
